// !$*UTF8*$!
{
	archiveVersion = 1;
	classes = {
	};
	objectVersion = 77;
	objects = {

/* Begin PBXContainerItemProxy section */
		EC4363BE2E5DEF3900B02E8A /* PBXContainerItemProxy */ = {
			isa = PBXContainerItemProxy;
			containerPortal = EC4363A82E5DEF3800B02E8A /* Project object */;
			proxyType = 1;
			remoteGlobalIDString = EC4363AF2E5DEF3800B02E8A;
			remoteInfo = UnsplashExplorer;
		};
		EC4363C82E5DEF3900B02E8A /* PBXContainerItemProxy */ = {
			isa = PBXContainerItemProxy;
			containerPortal = EC4363A82E5DEF3800B02E8A /* Project object */;
			proxyType = 1;
			remoteGlobalIDString = EC4363AF2E5DEF3800B02E8A;
			remoteInfo = UnsplashExplorer;
		};
/* End PBXContainerItemProxy section */

/* Begin PBXFileReference section */
		EC4363B02E5DEF3800B02E8A /* UnsplashExplorer.app */ = {isa = PBXFileReference; explicitFileType = wrapper.application; includeInIndex = 0; path = UnsplashExplorer.app; sourceTree = BUILT_PRODUCTS_DIR; };
		EC4363BD2E5DEF3900B02E8A /* UnsplashExplorerTests.xctest */ = {isa = PBXFileReference; explicitFileType = wrapper.cfbundle; includeInIndex = 0; path = UnsplashExplorerTests.xctest; sourceTree = BUILT_PRODUCTS_DIR; };
		EC4363C72E5DEF3900B02E8A /* UnsplashExplorerUITests.xctest */ = {isa = PBXFileReference; explicitFileType = wrapper.cfbundle; includeInIndex = 0; path = UnsplashExplorerUITests.xctest; sourceTree = BUILT_PRODUCTS_DIR; };
/* End PBXFileReference section */

/* Begin PBXFileSystemSynchronizedRootGroup section */
		EC4363B22E5DEF3800B02E8A /* UnsplashExplorer */ = {
			isa = PBXFileSystemSynchronizedRootGroup;
			path = UnsplashExplorer;
			sourceTree = "<group>";
		};
		EC4363C02E5DEF3900B02E8A /* UnsplashExplorerTests */ = {
			isa = PBXFileSystemSynchronizedRootGroup;
			path = UnsplashExplorerTests;
			sourceTree = "<group>";
		};
		EC4363CA2E5DEF3900B02E8A /* UnsplashExplorerUITests */ = {
			isa = PBXFileSystemSynchronizedRootGroup;
			path = UnsplashExplorerUITests;
			sourceTree = "<group>";
		};
/* End PBXFileSystemSynchronizedRootGroup section */

/* Begin PBXFrameworksBuildPhase section */
		EC4363AD2E5DEF3800B02E8A /* Frameworks */ = {
			isa = PBXFrameworksBuildPhase;
			buildActionMask = 2147483647;
			files = (
			);
			runOnlyForDeploymentPostprocessing = 0;
		};
		EC4363BA2E5DEF3900B02E8A /* Frameworks */ = {
			isa = PBXFrameworksBuildPhase;
			buildActionMask = 2147483647;
			files = (
			);
			runOnlyForDeploymentPostprocessing = 0;
		};
		EC4363C42E5DEF3900B02E8A /* Frameworks */ = {
			isa = PBXFrameworksBuildPhase;
			buildActionMask = 2147483647;
			files = (
			);
			runOnlyForDeploymentPostprocessing = 0;
		};
/* End PBXFrameworksBuildPhase section */

/* Begin PBXGroup section */
		EC4363A72E5DEF3800B02E8A = {
			isa = PBXGroup;
			children = (
				EC4363B22E5DEF3800B02E8A /* UnsplashExplorer */,
				EC4363C02E5DEF3900B02E8A /* UnsplashExplorerTests */,
				EC4363CA2E5DEF3900B02E8A /* UnsplashExplorerUITests */,
				EC4363B12E5DEF3800B02E8A /* Products */,
			);
			sourceTree = "<group>";
		};
		EC4363B12E5DEF3800B02E8A /* Products */ = {
			isa = PBXGroup;
			children = (
				EC4363B02E5DEF3800B02E8A /* UnsplashExplorer.app */,
				EC4363BD2E5DEF3900B02E8A /* UnsplashExplorerTests.xctest */,
				EC4363C72E5DEF3900B02E8A /* UnsplashExplorerUITests.xctest */,
			);
			name = Products;
			sourceTree = "<group>";
		};
/* End PBXGroup section */

/* Begin PBXNativeTarget section */
		EC4363AF2E5DEF3800B02E8A /* UnsplashExplorer */ = {
			isa = PBXNativeTarget;
			buildConfigurationList = EC4363D12E5DEF3900B02E8A /* Build configuration list for PBXNativeTarget "UnsplashExplorer" */;
			buildPhases = (
				EC4363AC2E5DEF3800B02E8A /* Sources */,
				EC4363AD2E5DEF3800B02E8A /* Frameworks */,
				EC4363AE2E5DEF3800B02E8A /* Resources */,
			);
			buildRules = (
			);
			dependencies = (
			);
			fileSystemSynchronizedGroups = (
				EC4363B22E5DEF3800B02E8A /* UnsplashExplorer */,
			);
			name = UnsplashExplorer;
			packageProductDependencies = (
			);
			productName = UnsplashExplorer;
			productReference = EC4363B02E5DEF3800B02E8A /* UnsplashExplorer.app */;
			productType = "com.apple.product-type.application";
		};
		EC4363BC2E5DEF3900B02E8A /* UnsplashExplorerTests */ = {
			isa = PBXNativeTarget;
			buildConfigurationList = EC4363D42E5DEF3900B02E8A /* Build configuration list for PBXNativeTarget "UnsplashExplorerTests" */;
			buildPhases = (
				EC4363B92E5DEF3900B02E8A /* Sources */,
				EC4363BA2E5DEF3900B02E8A /* Frameworks */,
				EC4363BB2E5DEF3900B02E8A /* Resources */,
			);
			buildRules = (
			);
			dependencies = (
				EC4363BF2E5DEF3900B02E8A /* PBXTargetDependency */,
			);
			fileSystemSynchronizedGroups = (
				EC4363C02E5DEF3900B02E8A /* UnsplashExplorerTests */,
			);
			name = UnsplashExplorerTests;
			packageProductDependencies = (
			);
			productName = UnsplashExplorerTests;
			productReference = EC4363BD2E5DEF3900B02E8A /* UnsplashExplorerTests.xctest */;
			productType = "com.apple.product-type.bundle.unit-test";
		};
		EC4363C62E5DEF3900B02E8A /* UnsplashExplorerUITests */ = {
			isa = PBXNativeTarget;
			buildConfigurationList = EC4363D72E5DEF3900B02E8A /* Build configuration list for PBXNativeTarget "UnsplashExplorerUITests" */;
			buildPhases = (
				EC4363C32E5DEF3900B02E8A /* Sources */,
				EC4363C42E5DEF3900B02E8A /* Frameworks */,
				EC4363C52E5DEF3900B02E8A /* Resources */,
			);
			buildRules = (
			);
			dependencies = (
				EC4363C92E5DEF3900B02E8A /* PBXTargetDependency */,
			);
			fileSystemSynchronizedGroups = (
				EC4363CA2E5DEF3900B02E8A /* UnsplashExplorerUITests */,
			);
			name = UnsplashExplorerUITests;
			packageProductDependencies = (
			);
			productName = UnsplashExplorerUITests;
			productReference = EC4363C72E5DEF3900B02E8A /* UnsplashExplorerUITests.xctest */;
			productType = "com.apple.product-type.bundle.ui-testing";
		};
/* End PBXNativeTarget section */

/* Begin PBXProject section */
		EC4363A82E5DEF3800B02E8A /* Project object */ = {
			isa = PBXProject;
			attributes = {
				BuildIndependentTargetsInParallel = 1;
				LastSwiftUpdateCheck = 1640;
				LastUpgradeCheck = 1640;
				TargetAttributes = {
					EC4363AF2E5DEF3800B02E8A = {
						CreatedOnToolsVersion = 16.4;
					};
					EC4363BC2E5DEF3900B02E8A = {
						CreatedOnToolsVersion = 16.4;
						TestTargetID = EC4363AF2E5DEF3800B02E8A;
					};
					EC4363C62E5DEF3900B02E8A = {
						CreatedOnToolsVersion = 16.4;
						TestTargetID = EC4363AF2E5DEF3800B02E8A;
					};
				};
			};
			buildConfigurationList = EC4363AB2E5DEF3800B02E8A /* Build configuration list for PBXProject "UnsplashExplorer" */;
			developmentRegion = en;
			hasScannedForEncodings = 0;
			knownRegions = (
				en,
				Base,
			);
			mainGroup = EC4363A72E5DEF3800B02E8A;
			minimizedProjectReferenceProxies = 1;
			preferredProjectObjectVersion = 77;
			productRefGroup = EC4363B12E5DEF3800B02E8A /* Products */;
			projectDirPath = "";
			projectRoot = "";
			targets = (
				EC4363AF2E5DEF3800B02E8A /* UnsplashExplorer */,
				EC4363BC2E5DEF3900B02E8A /* UnsplashExplorerTests */,
				EC4363C62E5DEF3900B02E8A /* UnsplashExplorerUITests */,
			);
		};
/* End PBXProject section */

/* Begin PBXResourcesBuildPhase section */
		EC4363AE2E5DEF3800B02E8A /* Resources */ = {
			isa = PBXResourcesBuildPhase;
			buildActionMask = 2147483647;
			files = (
			);
			runOnlyForDeploymentPostprocessing = 0;
		};
		EC4363BB2E5DEF3900B02E8A /* Resources */ = {
			isa = PBXResourcesBuildPhase;
			buildActionMask = 2147483647;
			files = (
			);
			runOnlyForDeploymentPostprocessing = 0;
		};
		EC4363C52E5DEF3900B02E8A /* Resources */ = {
			isa = PBXResourcesBuildPhase;
			buildActionMask = 2147483647;
			files = (
			);
			runOnlyForDeploymentPostprocessing = 0;
		};
/* End PBXResourcesBuildPhase section */

/* Begin PBXSourcesBuildPhase section */
		EC4363AC2E5DEF3800B02E8A /* Sources */ = {
			isa = PBXSourcesBuildPhase;
			buildActionMask = 2147483647;
			files = (
			);
			runOnlyForDeploymentPostprocessing = 0;
		};
		EC4363B92E5DEF3900B02E8A /* Sources */ = {
			isa = PBXSourcesBuildPhase;
			buildActionMask = 2147483647;
			files = (
			);
			runOnlyForDeploymentPostprocessing = 0;
		};
		EC4363C32E5DEF3900B02E8A /* Sources */ = {
			isa = PBXSourcesBuildPhase;
			buildActionMask = 2147483647;
			files = (
			);
			runOnlyForDeploymentPostprocessing = 0;
		};
/* End PBXSourcesBuildPhase section */

/* Begin PBXTargetDependency section */
		EC4363BF2E5DEF3900B02E8A /* PBXTargetDependency */ = {
			isa = PBXTargetDependency;
			target = EC4363AF2E5DEF3800B02E8A /* UnsplashExplorer */;
			targetProxy = EC4363BE2E5DEF3900B02E8A /* PBXContainerItemProxy */;
		};
		EC4363C92E5DEF3900B02E8A /* PBXTargetDependency */ = {
			isa = PBXTargetDependency;
			target = EC4363AF2E5DEF3800B02E8A /* UnsplashExplorer */;
			targetProxy = EC4363C82E5DEF3900B02E8A /* PBXContainerItemProxy */;
		};
/* End PBXTargetDependency section */

/* Begin XCBuildConfiguration section */
		EC4363CF2E5DEF3900B02E8A /* Debug */ = {
			isa = XCBuildConfiguration;
			buildSettings = {
				ALWAYS_SEARCH_USER_PATHS = NO;
				ASSETCATALOG_COMPILER_GENERATE_SWIFT_ASSET_SYMBOL_EXTENSIONS = YES;
				CLANG_ANALYZER_NONNULL = YES;
				CLANG_ANALYZER_NUMBER_OBJECT_CONVERSION = YES_AGGRESSIVE;
				CLANG_CXX_LANGUAGE_STANDARD = "gnu++20";
				CLANG_ENABLE_MODULES = YES;
				CLANG_ENABLE_OBJC_ARC = YES;
				CLANG_ENABLE_OBJC_WEAK = YES;
				CLANG_WARN_BLOCK_CAPTURE_AUTORELEASING = YES;
				CLANG_WARN_BOOL_CONVERSION = YES;
				CLANG_WARN_COMMA = YES;
				CLANG_WARN_CONSTANT_CONVERSION = YES;
				CLANG_WARN_DEPRECATED_OBJC_IMPLEMENTATIONS = YES;
				CLANG_WARN_DIRECT_OBJC_ISA_USAGE = YES_ERROR;
				CLANG_WARN_DOCUMENTATION_COMMENTS = YES;
				CLANG_WARN_EMPTY_BODY = YES;
				CLANG_WARN_ENUM_CONVERSION = YES;
				CLANG_WARN_INFINITE_RECURSION = YES;
				CLANG_WARN_INT_CONVERSION = YES;
				CLANG_WARN_NON_LITERAL_NULL_CONVERSION = YES;
				CLANG_WARN_OBJC_IMPLICIT_RETAIN_SELF = YES;
				CLANG_WARN_OBJC_LITERAL_CONVERSION = YES;
				CLANG_WARN_OBJC_ROOT_CLASS = YES_ERROR;
				CLANG_WARN_QUOTED_INCLUDE_IN_FRAMEWORK_HEADER = YES;
				CLANG_WARN_RANGE_LOOP_ANALYSIS = YES;
				CLANG_WARN_STRICT_PROTOTYPES = YES;
				CLANG_WARN_SUSPICIOUS_MOVE = YES;
				CLANG_WARN_UNGUARDED_AVAILABILITY = YES_AGGRESSIVE;
				CLANG_WARN_UNREACHABLE_CODE = YES;
				CLANG_WARN__DUPLICATE_METHOD_MATCH = YES;
				COPY_PHASE_STRIP = NO;
				DEBUG_INFORMATION_FORMAT = dwarf;
				ENABLE_STRICT_OBJC_MSGSEND = YES;
				ENABLE_TESTABILITY = YES;
				ENABLE_USER_SCRIPT_SANDBOXING = YES;
				GCC_C_LANGUAGE_STANDARD = gnu17;
				GCC_DYNAMIC_NO_PIC = NO;
				GCC_NO_COMMON_BLOCKS = YES;
				GCC_OPTIMIZATION_LEVEL = 0;
				GCC_PREPROCESSOR_DEFINITIONS = (
					"DEBUG=1",
					"$(inherited)",
				);
				GCC_WARN_64_TO_32_BIT_CONVERSION = YES;
				GCC_WARN_ABOUT_RETURN_TYPE = YES_ERROR;
				GCC_WARN_UNDECLARED_SELECTOR = YES;
				GCC_WARN_UNINITIALIZED_AUTOS = YES_AGGRESSIVE;
				GCC_WARN_UNUSED_FUNCTION = YES;
				GCC_WARN_UNUSED_VARIABLE = YES;
				IPHONEOS_DEPLOYMENT_TARGET = 18.5;
				LOCALIZATION_PREFERS_STRING_CATALOGS = YES;
				MTL_ENABLE_DEBUG_INFO = INCLUDE_SOURCE;
				MTL_FAST_MATH = YES;
				ONLY_ACTIVE_ARCH = YES;
				SDKROOT = iphoneos;
				SWIFT_ACTIVE_COMPILATION_CONDITIONS = "DEBUG $(inherited)";
				SWIFT_OPTIMIZATION_LEVEL = "-Onone";
			};
			name = Debug;
		};
		EC4363D02E5DEF3900B02E8A /* Release */ = {
			isa = XCBuildConfiguration;
			buildSettings = {
				ALWAYS_SEARCH_USER_PATHS = NO;
				ASSETCATALOG_COMPILER_GENERATE_SWIFT_ASSET_SYMBOL_EXTENSIONS = YES;
				CLANG_ANALYZER_NONNULL = YES;
				CLANG_ANALYZER_NUMBER_OBJECT_CONVERSION = YES_AGGRESSIVE;
				CLANG_CXX_LANGUAGE_STANDARD = "gnu++20";
				CLANG_ENABLE_MODULES = YES;
				CLANG_ENABLE_OBJC_ARC = YES;
				CLANG_ENABLE_OBJC_WEAK = YES;
				CLANG_WARN_BLOCK_CAPTURE_AUTORELEASING = YES;
				CLANG_WARN_BOOL_CONVERSION = YES;
				CLANG_WARN_COMMA = YES;
				CLANG_WARN_CONSTANT_CONVERSION = YES;
				CLANG_WARN_DEPRECATED_OBJC_IMPLEMENTATIONS = YES;
				CLANG_WARN_DIRECT_OBJC_ISA_USAGE = YES_ERROR;
				CLANG_WARN_DOCUMENTATION_COMMENTS = YES;
				CLANG_WARN_EMPTY_BODY = YES;
				CLANG_WARN_ENUM_CONVERSION = YES;
				CLANG_WARN_INFINITE_RECURSION = YES;
				CLANG_WARN_INT_CONVERSION = YES;
				CLANG_WARN_NON_LITERAL_NULL_CONVERSION = YES;
				CLANG_WARN_OBJC_IMPLICIT_RETAIN_SELF = YES;
				CLANG_WARN_OBJC_LITERAL_CONVERSION = YES;
				CLANG_WARN_OBJC_ROOT_CLASS = YES_ERROR;
				CLANG_WARN_QUOTED_INCLUDE_IN_FRAMEWORK_HEADER = YES;
				CLANG_WARN_RANGE_LOOP_ANALYSIS = YES;
				CLANG_WARN_STRICT_PROTOTYPES = YES;
				CLANG_WARN_SUSPICIOUS_MOVE = YES;
				CLANG_WARN_UNGUARDED_AVAILABILITY = YES_AGGRESSIVE;
				CLANG_WARN_UNREACHABLE_CODE = YES;
				CLANG_WARN__DUPLICATE_METHOD_MATCH = YES;
				COPY_PHASE_STRIP = NO;
				DEBUG_INFORMATION_FORMAT = "dwarf-with-dsym";
				ENABLE_NS_ASSERTIONS = NO;
				ENABLE_STRICT_OBJC_MSGSEND = YES;
				ENABLE_USER_SCRIPT_SANDBOXING = YES;
				GCC_C_LANGUAGE_STANDARD = gnu17;
				GCC_NO_COMMON_BLOCKS = YES;
				GCC_WARN_64_TO_32_BIT_CONVERSION = YES;
				GCC_WARN_ABOUT_RETURN_TYPE = YES_ERROR;
				GCC_WARN_UNDECLARED_SELECTOR = YES;
				GCC_WARN_UNINITIALIZED_AUTOS = YES_AGGRESSIVE;
				GCC_WARN_UNUSED_FUNCTION = YES;
				GCC_WARN_UNUSED_VARIABLE = YES;
				IPHONEOS_DEPLOYMENT_TARGET = 18.5;
				LOCALIZATION_PREFERS_STRING_CATALOGS = YES;
				MTL_ENABLE_DEBUG_INFO = NO;
				MTL_FAST_MATH = YES;
				SDKROOT = iphoneos;
				SWIFT_COMPILATION_MODE = wholemodule;
				VALIDATE_PRODUCT = YES;
			};
			name = Release;
		};
		EC4363D22E5DEF3900B02E8A /* Debug */ = {
			isa = XCBuildConfiguration;
			buildSettings = {
				ASSETCATALOG_COMPILER_APPICON_NAME = AppIcon;
				ASSETCATALOG_COMPILER_GLOBAL_ACCENT_COLOR_NAME = AccentColor;
				CODE_SIGN_STYLE = Automatic;
				CURRENT_PROJECT_VERSION = 1;
				ENABLE_PREVIEWS = YES;
				GENERATE_INFOPLIST_FILE = YES;
				INFOPLIST_KEY_UIApplicationSceneManifest_Generation = YES;
				INFOPLIST_KEY_UIApplicationSupportsIndirectInputEvents = YES;
				INFOPLIST_KEY_UILaunchScreen_Generation = YES;
				INFOPLIST_KEY_UISupportedInterfaceOrientations_iPad = "UIInterfaceOrientationPortrait UIInterfaceOrientationPortraitUpsideDown UIInterfaceOrientationLandscapeLeft UIInterfaceOrientationLandscapeRight";
				INFOPLIST_KEY_UISupportedInterfaceOrientations_iPhone = "UIInterfaceOrientationPortrait UIInterfaceOrientationLandscapeLeft UIInterfaceOrientationLandscapeRight";
				LD_RUNPATH_SEARCH_PATHS = (
					"$(inherited)",
					"@executable_path/Frameworks",
				);
				MARKETING_VERSION = 1.0;
				PRODUCT_BUNDLE_IDENTIFIER = Yatharth.UnsplashExplorer;
				PRODUCT_NAME = "$(TARGET_NAME)";
				SWIFT_EMIT_LOC_STRINGS = YES;
				SWIFT_VERSION = 5.0;
				TARGETED_DEVICE_FAMILY = "1,2";
			};
			name = Debug;
		};
		EC4363D32E5DEF3900B02E8A /* Release */ = {
			isa = XCBuildConfiguration;
			buildSettings = {
				ASSETCATALOG_COMPILER_APPICON_NAME = AppIcon;
				ASSETCATALOG_COMPILER_GLOBAL_ACCENT_COLOR_NAME = AccentColor;
				CODE_SIGN_STYLE = Automatic;
				CURRENT_PROJECT_VERSION = 1;
				ENABLE_PREVIEWS = YES;
				GENERATE_INFOPLIST_FILE = YES;
				INFOPLIST_KEY_UIApplicationSceneManifest_Generation = YES;
				INFOPLIST_KEY_UIApplicationSupportsIndirectInputEvents = YES;
				INFOPLIST_KEY_UILaunchScreen_Generation = YES;
				INFOPLIST_KEY_UISupportedInterfaceOrientations_iPad = "UIInterfaceOrientationPortrait UIInterfaceOrientationPortraitUpsideDown UIInterfaceOrientationLandscapeLeft UIInterfaceOrientationLandscapeRight";
				INFOPLIST_KEY_UISupportedInterfaceOrientations_iPhone = "UIInterfaceOrientationPortrait UIInterfaceOrientationLandscapeLeft UIInterfaceOrientationLandscapeRight";
				LD_RUNPATH_SEARCH_PATHS = (
					"$(inherited)",
					"@executable_path/Frameworks",
				);
				MARKETING_VERSION = 1.0;
				PRODUCT_BUNDLE_IDENTIFIER = Yatharth.UnsplashExplorer;
				PRODUCT_NAME = "$(TARGET_NAME)";
				SWIFT_EMIT_LOC_STRINGS = YES;
				SWIFT_VERSION = 5.0;
				TARGETED_DEVICE_FAMILY = "1,2";
			};
			name = Release;
		};
		EC4363D52E5DEF3900B02E8A /* Debug */ = {
			isa = XCBuildConfiguration;
			buildSettings = {
				BUNDLE_LOADER = "$(TEST_HOST)";
				CODE_SIGN_STYLE = Automatic;
				CURRENT_PROJECT_VERSION = 1;
				GENERATE_INFOPLIST_FILE = YES;
				IPHONEOS_DEPLOYMENT_TARGET = 18.5;
				MARKETING_VERSION = 1.0;
				PRODUCT_BUNDLE_IDENTIFIER = Yatharth.UnsplashExplorerTests;
				PRODUCT_NAME = "$(TARGET_NAME)";
				SWIFT_EMIT_LOC_STRINGS = NO;
				SWIFT_VERSION = 5.0;
				TARGETED_DEVICE_FAMILY = "1,2";
				TEST_HOST = "$(BUILT_PRODUCTS_DIR)/UnsplashExplorer.app/$(BUNDLE_EXECUTABLE_FOLDER_PATH)/UnsplashExplorer";
			};
			name = Debug;
		};
		EC4363D62E5DEF3900B02E8A /* Release */ = {
			isa = XCBuildConfiguration;
			buildSettings = {
				BUNDLE_LOADER = "$(TEST_HOST)";
				CODE_SIGN_STYLE = Automatic;
				CURRENT_PROJECT_VERSION = 1;
				GENERATE_INFOPLIST_FILE = YES;
				IPHONEOS_DEPLOYMENT_TARGET = 18.5;
				MARKETING_VERSION = 1.0;
				PRODUCT_BUNDLE_IDENTIFIER = Yatharth.UnsplashExplorerTests;
				PRODUCT_NAME = "$(TARGET_NAME)";
				SWIFT_EMIT_LOC_STRINGS = NO;
				SWIFT_VERSION = 5.0;
				TARGETED_DEVICE_FAMILY = "1,2";
				TEST_HOST = "$(BUILT_PRODUCTS_DIR)/UnsplashExplorer.app/$(BUNDLE_EXECUTABLE_FOLDER_PATH)/UnsplashExplorer";
			};
			name = Release;
		};
		EC4363D82E5DEF3900B02E8A /* Debug */ = {
			isa = XCBuildConfiguration;
			buildSettings = {
				CODE_SIGN_STYLE = Automatic;
				CURRENT_PROJECT_VERSION = 1;
				GENERATE_INFOPLIST_FILE = YES;
				MARKETING_VERSION = 1.0;
				PRODUCT_BUNDLE_IDENTIFIER = Yatharth.UnsplashExplorerUITests;
				PRODUCT_NAME = "$(TARGET_NAME)";
				SWIFT_EMIT_LOC_STRINGS = NO;
				SWIFT_VERSION = 5.0;
				TARGETED_DEVICE_FAMILY = "1,2";
				TEST_TARGET_NAME = UnsplashExplorer;
			};
			name = Debug;
		};
		EC4363D92E5DEF3900B02E8A /* Release */ = {
			isa = XCBuildConfiguration;
			buildSettings = {
				CODE_SIGN_STYLE = Automatic;
				CURRENT_PROJECT_VERSION = 1;
				GENERATE_INFOPLIST_FILE = YES;
				MARKETING_VERSION = 1.0;
				PRODUCT_BUNDLE_IDENTIFIER = Yatharth.UnsplashExplorerUITests;
				PRODUCT_NAME = "$(TARGET_NAME)";
				SWIFT_EMIT_LOC_STRINGS = NO;
				SWIFT_VERSION = 5.0;
				TARGETED_DEVICE_FAMILY = "1,2";
				TEST_TARGET_NAME = UnsplashExplorer;
			};
			name = Release;
		};
/* End XCBuildConfiguration section */

/* Begin XCConfigurationList section */
		EC4363AB2E5DEF3800B02E8A /* Build configuration list for PBXProject "UnsplashExplorer" */ = {
			isa = XCConfigurationList;
			buildConfigurations = (
				EC4363CF2E5DEF3900B02E8A /* Debug */,
				EC4363D02E5DEF3900B02E8A /* Release */,
			);
			defaultConfigurationIsVisible = 0;
			defaultConfigurationName = Release;
		};
		EC4363D12E5DEF3900B02E8A /* Build configuration list for PBXNativeTarget "UnsplashExplorer" */ = {
			isa = XCConfigurationList;
			buildConfigurations = (
				EC4363D22E5DEF3900B02E8A /* Debug */,
				EC4363D32E5DEF3900B02E8A /* Release */,
			);
			defaultConfigurationIsVisible = 0;
			defaultConfigurationName = Release;
		};
		EC4363D42E5DEF3900B02E8A /* Build configuration list for PBXNativeTarget "UnsplashExplorerTests" */ = {
			isa = XCConfigurationList;
			buildConfigurations = (
				EC4363D52E5DEF3900B02E8A /* Debug */,
				EC4363D62E5DEF3900B02E8A /* Release */,
			);
			defaultConfigurationIsVisible = 0;
			defaultConfigurationName = Release;
		};
		EC4363D72E5DEF3900B02E8A /* Build configuration list for PBXNativeTarget "UnsplashExplorerUITests" */ = {
			isa = XCConfigurationList;
			buildConfigurations = (
				EC4363D82E5DEF3900B02E8A /* Debug */,
				EC4363D92E5DEF3900B02E8A /* Release */,
			);
			defaultConfigurationIsVisible = 0;
			defaultConfigurationName = Release;
		};
/* End XCConfigurationList section */
	};
	rootObject = EC4363A82E5DEF3800B02E8A /* Project object */;
}
